
Microsoft Visual Studio Solution File, Format Version 12.00
# Visual Studio 14
VisualStudioVersion = 14.0.25420.1
MinimumVisualStudioVersion = 10.0.40219.1
Project("{FAE04EC0-301F-11D3-BF4B-00C04F79EFBC}") = "MULE", "MULE\MULE.csproj", "{8A543398-284A-450E-BA21-AD330ADCE754}"
EndProject
Project("{FAE04EC0-301F-11D3-BF4B-00C04F79EFBC}") = "MULE.Tests", "MULE.Tests\MULE.Tests.csproj", "{5114C4B4-0415-4925-8F60-35EED0E88BF4}"
EndProject
Global
	GlobalSection(SolutionConfigurationPlatforms) = preSolution
		Debug|Any CPU = Debug|Any CPU
		Release|Any CPU = Release|Any CPU
	EndGlobalSection
	GlobalSection(ProjectConfigurationPlatforms) = postSolution
		{8A543398-284A-450E-BA21-AD330ADCE754}.Debug|Any CPU.ActiveCfg = Debug|Any CPU
		{8A543398-284A-450E-BA21-AD330ADCE754}.Debug|Any CPU.Build.0 = Debug|Any CPU
		{8A543398-284A-450E-BA21-AD330ADCE754}.Release|Any CPU.ActiveCfg = Release|Any CPU
		{8A543398-284A-450E-BA21-AD330ADCE754}.Release|Any CPU.Build.0 = Release|Any CPU
		{5114C4B4-0415-4925-8F60-35EED0E88BF4}.Debug|Any CPU.ActiveCfg = Debug|Any CPU
		{5114C4B4-0415-4925-8F60-35EED0E88BF4}.Debug|Any CPU.Build.0 = Debug|Any CPU
		{5114C4B4-0415-4925-8F60-35EED0E88BF4}.Release|Any CPU.ActiveCfg = Release|Any CPU
		{5114C4B4-0415-4925-8F60-35EED0E88BF4}.Release|Any CPU.Build.0 = Release|Any CPU
	EndGlobalSection
	GlobalSection(SolutionProperties) = preSolution
		HideSolutionNode = FALSE
	EndGlobalSection
EndGlobal
